
Microsoft Visual Studio Solution File, Format Version 12.00
# Visual Studio Version 17
VisualStudioVersion = 17.4.33213.308
MinimumVisualStudioVersion = 10.0.40219.1
Project("{FAE04EC0-301F-11D3-BF4B-00C04F79EFBC}") = "Practic-App", "Practic-App\Practic-App.csproj", "{2E702177-6508-4193-92E1-A65F559E0D3D}"
EndProject
Global
	GlobalSection(SolutionConfigurationPlatforms) = preSolution
		Debug|Any CPU = Debug|Any CPU
		Release|Any CPU = Release|Any CPU
	EndGlobalSection
	GlobalSection(ProjectConfigurationPlatforms) = postSolution
		{2E702177-6508-4193-92E1-A65F559E0D3D}.Debug|Any CPU.ActiveCfg = Debug|Any CPU
		{2E702177-6508-4193-92E1-A65F559E0D3D}.Debug|Any CPU.Build.0 = Debug|Any CPU
		{2E702177-6508-4193-92E1-A65F559E0D3D}.Release|Any CPU.ActiveCfg = Release|Any CPU
		{2E702177-6508-4193-92E1-A65F559E0D3D}.Release|Any CPU.Build.0 = Release|Any CPU
	EndGlobalSection
	GlobalSection(SolutionProperties) = preSolution
		HideSolutionNode = FALSE
	EndGlobalSection
	GlobalSection(ExtensibilityGlobals) = postSolution
		SolutionGuid = {3B364620-CA22-4282-9F88-0039D1735554}
	EndGlobalSection
EndGlobal
