
Microsoft Visual Studio Solution File, Format Version 12.00
# Visual Studio Version 17
VisualStudioVersion = 17.7.34024.191
MinimumVisualStudioVersion = 10.0.40219.1
Project("{FAE04EC0-301F-11D3-BF4B-00C04F79EFBC}") = "lab01", "lab01\lab01.csproj", "{AFA1A617-95AE-462A-9C24-228D11CC0024}"
EndProject
Global
	GlobalSection(SolutionConfigurationPlatforms) = preSolution
		Debug|Any CPU = Debug|Any CPU
		Release|Any CPU = Release|Any CPU
	EndGlobalSection
	GlobalSection(ProjectConfigurationPlatforms) = postSolution
		{AFA1A617-95AE-462A-9C24-228D11CC0024}.Debug|Any CPU.ActiveCfg = Debug|Any CPU
		{AFA1A617-95AE-462A-9C24-228D11CC0024}.Debug|Any CPU.Build.0 = Debug|Any CPU
		{AFA1A617-95AE-462A-9C24-228D11CC0024}.Release|Any CPU.ActiveCfg = Release|Any CPU
		{AFA1A617-95AE-462A-9C24-228D11CC0024}.Release|Any CPU.Build.0 = Release|Any CPU
	EndGlobalSection
	GlobalSection(SolutionProperties) = preSolution
		HideSolutionNode = FALSE
	EndGlobalSection
	GlobalSection(ExtensibilityGlobals) = postSolution
		SolutionGuid = {B38C7F53-5D98-4230-9B7F-9501F582A233}
	EndGlobalSection
EndGlobal
